
Microsoft Visual Studio Solution File, Format Version 12.00
# Visual Studio 15
VisualStudioVersion = 15.0.28010.2050
MinimumVisualStudioVersion = 10.0.40219.1
Project("{9A19103F-16F7-4668-BE54-9A1E7A4F7556}") = "day1", "2018\day1\day1.csproj", "{149ADAC0-D24E-4F34-81C7-B13B6F91BA51}"
EndProject
Project("{9A19103F-16F7-4668-BE54-9A1E7A4F7556}") = "day2", "2018\day2\day2.csproj", "{444AF5BA-ED71-4853-9BAC-DFF8DA146AE4}"
EndProject
Project("{9A19103F-16F7-4668-BE54-9A1E7A4F7556}") = "day12", "2018\day12\day12.csproj", "{A1B48929-B116-4475-B1B1-6B087762DAFE}"
EndProject
Project("{9A19103F-16F7-4668-BE54-9A1E7A4F7556}") = "day18", "2018\day18\day18.csproj", "{1B25152D-2331-402B-AE88-455730BAE2E0}"
EndProject
Project("{9A19103F-16F7-4668-BE54-9A1E7A4F7556}") = "day22", "2018\day22\day22.csproj", "{B9D56788-9A91-4F44-A093-3FD25CC3984F}"
EndProject
Project("{FAE04EC0-301F-11D3-BF4B-00C04F79EFBC}") = "day3", "2018\day3\day3\day3.csproj", "{843786FB-0A12-469D-928D-F7D55FD428B4}"
EndProject
Project("{FAE04EC0-301F-11D3-BF4B-00C04F79EFBC}") = "day5", "2018\day5\day5\day5.csproj", "{EB698FE8-94DF-40C1-A5ED-134584E24D6A}"
EndProject
Project("{FAE04EC0-301F-11D3-BF4B-00C04F79EFBC}") = "day8", "2018\day8\day8\day8.csproj", "{C0D086E3-DB90-4864-A0ED-ADC55C35CD07}"
EndProject
Global
	GlobalSection(SolutionConfigurationPlatforms) = preSolution
		Debug|Any CPU = Debug|Any CPU
		Release|Any CPU = Release|Any CPU
	EndGlobalSection
	GlobalSection(ProjectConfigurationPlatforms) = postSolution
		{149ADAC0-D24E-4F34-81C7-B13B6F91BA51}.Debug|Any CPU.ActiveCfg = Debug|Any CPU
		{149ADAC0-D24E-4F34-81C7-B13B6F91BA51}.Debug|Any CPU.Build.0 = Debug|Any CPU
		{149ADAC0-D24E-4F34-81C7-B13B6F91BA51}.Release|Any CPU.ActiveCfg = Release|Any CPU
		{149ADAC0-D24E-4F34-81C7-B13B6F91BA51}.Release|Any CPU.Build.0 = Release|Any CPU
		{444AF5BA-ED71-4853-9BAC-DFF8DA146AE4}.Debug|Any CPU.ActiveCfg = Debug|Any CPU
		{444AF5BA-ED71-4853-9BAC-DFF8DA146AE4}.Debug|Any CPU.Build.0 = Debug|Any CPU
		{444AF5BA-ED71-4853-9BAC-DFF8DA146AE4}.Release|Any CPU.ActiveCfg = Release|Any CPU
		{444AF5BA-ED71-4853-9BAC-DFF8DA146AE4}.Release|Any CPU.Build.0 = Release|Any CPU
		{A1B48929-B116-4475-B1B1-6B087762DAFE}.Debug|Any CPU.ActiveCfg = Debug|Any CPU
		{A1B48929-B116-4475-B1B1-6B087762DAFE}.Debug|Any CPU.Build.0 = Debug|Any CPU
		{A1B48929-B116-4475-B1B1-6B087762DAFE}.Release|Any CPU.ActiveCfg = Release|Any CPU
		{A1B48929-B116-4475-B1B1-6B087762DAFE}.Release|Any CPU.Build.0 = Release|Any CPU
		{1B25152D-2331-402B-AE88-455730BAE2E0}.Debug|Any CPU.ActiveCfg = Debug|Any CPU
		{1B25152D-2331-402B-AE88-455730BAE2E0}.Debug|Any CPU.Build.0 = Debug|Any CPU
		{1B25152D-2331-402B-AE88-455730BAE2E0}.Release|Any CPU.ActiveCfg = Release|Any CPU
		{1B25152D-2331-402B-AE88-455730BAE2E0}.Release|Any CPU.Build.0 = Release|Any CPU
		{B9D56788-9A91-4F44-A093-3FD25CC3984F}.Debug|Any CPU.ActiveCfg = Debug|Any CPU
		{B9D56788-9A91-4F44-A093-3FD25CC3984F}.Debug|Any CPU.Build.0 = Debug|Any CPU
		{B9D56788-9A91-4F44-A093-3FD25CC3984F}.Release|Any CPU.ActiveCfg = Release|Any CPU
		{B9D56788-9A91-4F44-A093-3FD25CC3984F}.Release|Any CPU.Build.0 = Release|Any CPU
		{843786FB-0A12-469D-928D-F7D55FD428B4}.Debug|Any CPU.ActiveCfg = Debug|Any CPU
		{843786FB-0A12-469D-928D-F7D55FD428B4}.Debug|Any CPU.Build.0 = Debug|Any CPU
		{843786FB-0A12-469D-928D-F7D55FD428B4}.Release|Any CPU.ActiveCfg = Release|Any CPU
		{843786FB-0A12-469D-928D-F7D55FD428B4}.Release|Any CPU.Build.0 = Release|Any CPU
		{EB698FE8-94DF-40C1-A5ED-134584E24D6A}.Debug|Any CPU.ActiveCfg = Debug|Any CPU
		{EB698FE8-94DF-40C1-A5ED-134584E24D6A}.Debug|Any CPU.Build.0 = Debug|Any CPU
		{EB698FE8-94DF-40C1-A5ED-134584E24D6A}.Release|Any CPU.ActiveCfg = Release|Any CPU
		{EB698FE8-94DF-40C1-A5ED-134584E24D6A}.Release|Any CPU.Build.0 = Release|Any CPU
		{C0D086E3-DB90-4864-A0ED-ADC55C35CD07}.Debug|Any CPU.ActiveCfg = Debug|Any CPU
		{C0D086E3-DB90-4864-A0ED-ADC55C35CD07}.Debug|Any CPU.Build.0 = Debug|Any CPU
		{C0D086E3-DB90-4864-A0ED-ADC55C35CD07}.Release|Any CPU.ActiveCfg = Release|Any CPU
		{C0D086E3-DB90-4864-A0ED-ADC55C35CD07}.Release|Any CPU.Build.0 = Release|Any CPU
	EndGlobalSection
	GlobalSection(SolutionProperties) = preSolution
		HideSolutionNode = FALSE
	EndGlobalSection
	GlobalSection(ExtensibilityGlobals) = postSolution
		SolutionGuid = {C2B2B04F-1EF1-4818-A7D8-045E26735D7D}
	EndGlobalSection
EndGlobal
